<?xml version="1.0" encoding="UTF-8"?>
<Project ToolsVersion="14.0" xmlns="http://schemas.microsoft.com/developer/msbuild/2003">
  <ItemGroup>
    <ClCompile Include="D:\obs_studio\obs_studio_org\plugins\obs-outputs\obs-outputs.c">
      <Filter>Source Files</Filter>
    </ClCompile>
    <ClCompile Include="D:\obs_studio\obs_studio_org\plugins\obs-outputs\rtmp-stream.c">
      <Filter>Source Files</Filter>
    </ClCompile>
    <ClCompile Include="D:\obs_studio\obs_studio_org\plugins\obs-outputs\rtmp-windows.c">
      <Filter>Source Files</Filter>
    </ClCompile>
    <ClCompile Include="D:\obs_studio\obs_studio_org\plugins\obs-outputs\flv-output.c">
      <Filter>Source Files</Filter>
    </ClCompile>
    <ClCompile Include="D:\obs_studio\obs_studio_org\plugins\obs-outputs\flv-mux.c">
      <Filter>Source Files</Filter>
    </ClCompile>
    <ClCompile Include="D:\obs_studio\obs_studio_org\plugins\obs-outputs\net-if.c">
      <Filter>Source Files</Filter>
    </ClCompile>
    <ClCompile Include="D:\obs_studio\obs_studio_org\plugins\obs-outputs\librtmp\amf.c">
      <Filter>Source Files</Filter>
    </ClCompile>
    <ClCompile Include="D:\obs_studio\obs_studio_org\plugins\obs-outputs\librtmp\cencode.c">
      <Filter>Source Files</Filter>
    </ClCompile>
    <ClCompile Include="D:\obs_studio\obs_studio_org\plugins\obs-outputs\librtmp\hashswf.c">
      <Filter>Source Files</Filter>
    </ClCompile>
    <ClCompile Include="D:\obs_studio\obs_studio_org\plugins\obs-outputs\librtmp\log.c">
      <Filter>Source Files</Filter>
    </ClCompile>
    <ClCompile Include="D:\obs_studio\obs_studio_org\plugins\obs-outputs\librtmp\md5.c">
      <Filter>Source Files</Filter>
    </ClCompile>
    <ClCompile Include="D:\obs_studio\obs_studio_org\plugins\obs-outputs\librtmp\parseurl.c">
      <Filter>Source Files</Filter>
    </ClCompile>
    <ClCompile Include="D:\obs_studio\obs_studio_org\plugins\obs-outputs\librtmp\rtmp.c">
      <Filter>Source Files</Filter>
    </ClCompile>
  </ItemGroup>
  <ItemGroup>
    <ClInclude Include="D:\obs_studio\obs_studio_org\plugins\obs-outputs\librtmp\amf.h">
      <Filter>Header Files</Filter>
    </ClInclude>
    <ClInclude Include="D:\obs_studio\obs_studio_org\plugins\obs-outputs\librtmp\bytes.h">
      <Filter>Header Files</Filter>
    </ClInclude>
    <ClInclude Include="D:\obs_studio\obs_studio_org\plugins\obs-outputs\librtmp\cencode.h">
      <Filter>Header Files</Filter>
    </ClInclude>
    <ClInclude Include="D:\obs_studio\obs_studio_org\plugins\obs-outputs\librtmp\dh.h">
      <Filter>Header Files</Filter>
    </ClInclude>
    <ClInclude Include="D:\obs_studio\obs_studio_org\plugins\obs-outputs\librtmp\dhgroups.h">
      <Filter>Header Files</Filter>
    </ClInclude>
    <ClInclude Include="D:\obs_studio\obs_studio_org\plugins\obs-outputs\librtmp\handshake.h">
      <Filter>Header Files</Filter>
    </ClInclude>
    <ClInclude Include="D:\obs_studio\obs_studio_org\plugins\obs-outputs\librtmp\http.h">
      <Filter>Header Files</Filter>
    </ClInclude>
    <ClInclude Include="D:\obs_studio\obs_studio_org\plugins\obs-outputs\librtmp\log.h">
      <Filter>Header Files</Filter>
    </ClInclude>
    <ClInclude Include="D:\obs_studio\obs_studio_org\plugins\obs-outputs\librtmp\md5.h">
      <Filter>Header Files</Filter>
    </ClInclude>
    <ClInclude Include="D:\obs_studio\obs_studio_org\plugins\obs-outputs\librtmp\rtmp.h">
      <Filter>Header Files</Filter>
    </ClInclude>
    <ClInclude Include="D:\obs_studio\obs_studio_org\plugins\obs-outputs\librtmp\rtmp_sys.h">
      <Filter>Header Files</Filter>
    </ClInclude>
  </ItemGroup>
  <ItemGroup>
    <CustomBuild Include="D:\obs_studio\obs_studio_org\plugins\obs-outputs\CMakeLists.txt" />
  </ItemGroup>
  <ItemGroup>
    <Filter Include="Source Files">
      <UniqueIdentifier>{B8E332A0-2755-3AB7-9B42-05807806B44A}</UniqueIdentifier>
    </Filter>
    <Filter Include="Header Files">
      <UniqueIdentifier>{11C5D20C-9C2B-3139-B145-CDF4D3EE481B}</UniqueIdentifier>
    </Filter>
  </ItemGroup>
</Project>
