<?xml version="1.0" encoding="UTF-8"?>
<Project ToolsVersion="14.0" xmlns="http://schemas.microsoft.com/developer/msbuild/2003">
  <ItemGroup>
    <ClCompile Include="D:\obs_studio\obs_studio_org\plugins\obs-filters\obs-filters.c">
      <Filter>Source Files</Filter>
    </ClCompile>
    <ClCompile Include="D:\obs_studio\obs_studio_org\plugins\obs-filters\color-correction-filter.c">
      <Filter>Source Files</Filter>
    </ClCompile>
    <ClCompile Include="D:\obs_studio\obs_studio_org\plugins\obs-filters\async-delay-filter.c">
      <Filter>Source Files</Filter>
    </ClCompile>
    <ClCompile Include="D:\obs_studio\obs_studio_org\plugins\obs-filters\crop-filter.c">
      <Filter>Source Files</Filter>
    </ClCompile>
    <ClCompile Include="D:\obs_studio\obs_studio_org\plugins\obs-filters\scale-filter.c">
      <Filter>Source Files</Filter>
    </ClCompile>
    <ClCompile Include="D:\obs_studio\obs_studio_org\plugins\obs-filters\scroll-filter.c">
      <Filter>Source Files</Filter>
    </ClCompile>
    <ClCompile Include="D:\obs_studio\obs_studio_org\plugins\obs-filters\chroma-key-filter.c">
      <Filter>Source Files</Filter>
    </ClCompile>
    <ClCompile Include="D:\obs_studio\obs_studio_org\plugins\obs-filters\color-key-filter.c">
      <Filter>Source Files</Filter>
    </ClCompile>
    <ClCompile Include="D:\obs_studio\obs_studio_org\plugins\obs-filters\color-grade-filter.c">
      <Filter>Source Files</Filter>
    </ClCompile>
    <ClCompile Include="D:\obs_studio\obs_studio_org\plugins\obs-filters\sharpness-filter.c">
      <Filter>Source Files</Filter>
    </ClCompile>
    <ClCompile Include="D:\obs_studio\obs_studio_org\plugins\obs-filters\gain-filter.c">
      <Filter>Source Files</Filter>
    </ClCompile>
    <ClCompile Include="D:\obs_studio\obs_studio_org\plugins\obs-filters\noise-gate-filter.c">
      <Filter>Source Files</Filter>
    </ClCompile>
    <ClCompile Include="D:\obs_studio\obs_studio_org\plugins\obs-filters\mask-filter.c">
      <Filter>Source Files</Filter>
    </ClCompile>
    <ClCompile Include="D:\obs_studio\obs_studio_org\plugins\obs-filters\compressor-filter.c">
      <Filter>Source Files</Filter>
    </ClCompile>
    <ClCompile Include="D:\obs_studio\obs_studio_org\plugins\obs-filters\noise-suppress-filter.c">
      <Filter>Source Files</Filter>
    </ClCompile>
  </ItemGroup>
  <ItemGroup>
    <ClInclude Include="D:\obs_studio\plugins\obs-filters\config\obs-filters-config.h">
      <Filter>Header Files</Filter>
    </ClInclude>
  </ItemGroup>
  <ItemGroup>
    <CustomBuild Include="D:\obs_studio\obs_studio_org\plugins\obs-filters\CMakeLists.txt" />
  </ItemGroup>
  <ItemGroup>
    <Filter Include="Source Files">
      <UniqueIdentifier>{B8E332A0-2755-3AB7-9B42-05807806B44A}</UniqueIdentifier>
    </Filter>
    <Filter Include="Header Files">
      <UniqueIdentifier>{11C5D20C-9C2B-3139-B145-CDF4D3EE481B}</UniqueIdentifier>
    </Filter>
  </ItemGroup>
</Project>
