<?xml version="1.0" encoding="UTF-8"?>
<Project ToolsVersion="14.0" xmlns="http://schemas.microsoft.com/developer/msbuild/2003">
  <ItemGroup>
    <ClCompile Include="D:\obs_studio\obs_studio_org\plugins\decklink\plugin-main.cpp">
      <Filter>Source Files</Filter>
    </ClCompile>
    <ClCompile Include="D:\obs_studio\obs_studio_org\plugins\decklink\decklink.cpp">
      <Filter>Source Files</Filter>
    </ClCompile>
    <ClCompile Include="D:\obs_studio\obs_studio_org\plugins\decklink\decklink-device-instance.cpp">
      <Filter>Source Files</Filter>
    </ClCompile>
    <ClCompile Include="D:\obs_studio\obs_studio_org\plugins\decklink\decklink-device-discovery.cpp">
      <Filter>Source Files</Filter>
    </ClCompile>
    <ClCompile Include="D:\obs_studio\obs_studio_org\plugins\decklink\decklink-device.cpp">
      <Filter>Source Files</Filter>
    </ClCompile>
    <ClCompile Include="D:\obs_studio\obs_studio_org\plugins\decklink\decklink-device-mode.cpp">
      <Filter>Source Files</Filter>
    </ClCompile>
    <ClCompile Include="D:\obs_studio\obs_studio_org\plugins\decklink\win\platform.cpp">
      <Filter>Source Files</Filter>
    </ClCompile>
    <ClCompile Include="D:\obs_studio\plugins\decklink\win\DeckLinkAPI_i.c">
      <Filter>Source Files</Filter>
    </ClCompile>
  </ItemGroup>
  <ItemGroup>
    <ClInclude Include="D:\obs_studio\obs_studio_org\plugins\decklink\platform.hpp">
      <Filter>Header Files</Filter>
    </ClInclude>
    <ClInclude Include="D:\obs_studio\obs_studio_org\plugins\decklink\decklink.hpp">
      <Filter>Header Files</Filter>
    </ClInclude>
    <ClInclude Include="D:\obs_studio\obs_studio_org\plugins\decklink\decklink-device-instance.hpp">
      <Filter>Header Files</Filter>
    </ClInclude>
    <ClInclude Include="D:\obs_studio\obs_studio_org\plugins\decklink\decklink-device-discovery.hpp">
      <Filter>Header Files</Filter>
    </ClInclude>
    <ClInclude Include="D:\obs_studio\obs_studio_org\plugins\decklink\decklink-device.hpp">
      <Filter>Header Files</Filter>
    </ClInclude>
    <ClInclude Include="D:\obs_studio\obs_studio_org\plugins\decklink\decklink-device-mode.hpp">
      <Filter>Header Files</Filter>
    </ClInclude>
    <ClInclude Include="D:\obs_studio\obs_studio_org\plugins\decklink\win\decklink-sdk\DeckLinkAPIVersion.h">
      <Filter>Header Files</Filter>
    </ClInclude>
    <ClInclude Include="D:\obs_studio\plugins\decklink\win\DeckLinkAPI.h">
      <Filter>Header Files</Filter>
    </ClInclude>
  </ItemGroup>
  <ItemGroup>
    <CustomBuild Include="D:\obs_studio\obs_studio_org\plugins\decklink\win\CMakeLists.txt" />
    <CustomBuild Include="D:\obs_studio\CMakeFiles\07789af2cdffc5fa746bf3ef13d65bb1\DeckLinkAPI.h.rule">
      <Filter>CMake Rules</Filter>
    </CustomBuild>
  </ItemGroup>
  <ItemGroup>
    <Filter Include="Source Files">
      <UniqueIdentifier>{B8E332A0-2755-3AB7-9B42-05807806B44A}</UniqueIdentifier>
    </Filter>
    <Filter Include="Header Files">
      <UniqueIdentifier>{11C5D20C-9C2B-3139-B145-CDF4D3EE481B}</UniqueIdentifier>
    </Filter>
    <Filter Include="CMake Rules">
      <UniqueIdentifier>{0DB04C83-5DB6-3D00-8B00-3EE5713A4DF1}</UniqueIdentifier>
    </Filter>
  </ItemGroup>
</Project>
